// !$*UTF8*$!
{
	archiveVersion = 1;
	classes = {
	};
	objectVersion = 56;
	objects = {

/* Begin PBXBuildFile section */
		4D7187912E2D53270050799B /* categories.json in Resources */ = {isa = PBXBuildFile; fileRef = 4D7187902E2D53270050799B /* categories.json */; };
		4D7187932E2D56900050799B /* PremiumView.swift in Sources */ = {isa = PBXBuildFile; fileRef = 4D7187922E2D56900050799B /* PremiumView.swift */; };
		4DCD49592E100518009F4986 /* Constants.swift in Sources */ = {isa = PBXBuildFile; fileRef = 4DCD49582E100518009F4986 /* Constants.swift */; };
		4DCD495B2E10103C009F4986 /* CanvasView.swift in Sources */ = {isa = PBXBuildFile; fileRef = 4DCD495A2E10103C009F4986 /* CanvasView.swift */; };
		4DCD495D2E10105D009F4986 /* HomeView.swift in Sources */ = {isa = PBXBuildFile; fileRef = 4DCD495C2E10105D009F4986 /* HomeView.swift */; };
		4DCD495F2E1014F8009F4986 /* Components.swift in Sources */ = {isa = PBXBuildFile; fileRef = 4DCD495E2E1014F8009F4986 /* Components.swift */; };
		4DED96882E1126FB00A68B86 /* SVGView.swift in Sources */ = {isa = PBXBuildFile; fileRef = 4DED96872E1126FB00A68B86 /* SVGView.swift */; };
		4DED96972E119A1C00A68B86 /* SVGKit in Frameworks */ = {isa = PBXBuildFile; productRef = 4DED96962E119A1C00A68B86 /* SVGKit */; };
		4DF4A7842E0EFF1C00C269C4 /* DesignForCalligraphyApp.swift in Sources */ = {isa = PBXBuildFile; fileRef = 4DF4A7832E0EFF1C00C269C4 /* DesignForCalligraphyApp.swift */; };
		4DF4A7862E0EFF1C00C269C4 /* ContentView.swift in Sources */ = {isa = PBXBuildFile; fileRef = 4DF4A7852E0EFF1C00C269C4 /* ContentView.swift */; };
		4DF4A7882E0EFF1E00C269C4 /* Assets.xcassets in Resources */ = {isa = PBXBuildFile; fileRef = 4DF4A7872E0EFF1E00C269C4 /* Assets.xcassets */; };
		4DF4A78B2E0EFF1E00C269C4 /* Preview Assets.xcassets in Resources */ = {isa = PBXBuildFile; fileRef = 4DF4A78A2E0EFF1E00C269C4 /* Preview Assets.xcassets */; };
		4DF4A79B2E0F090700C269C4 /* Enums.swift in Sources */ = {isa = PBXBuildFile; fileRef = 4DF4A79A2E0F090700C269C4 /* Enums.swift */; };
		4DF4A79D2E0F091F00C269C4 /* Sidemenu.swift in Sources */ = {isa = PBXBuildFile; fileRef = 4DF4A79C2E0F091F00C269C4 /* Sidemenu.swift */; };
		4DF4A79F2E0F09D600C269C4 /* SubSidemenu.swift in Sources */ = {isa = PBXBuildFile; fileRef = 4DF4A79E2E0F09D600C269C4 /* SubSidemenu.swift */; };
		4DF4A7A12E0F0C3900C269C4 /* Models.swift in Sources */ = {isa = PBXBuildFile; fileRef = 4DF4A7A02E0F0C3900C269C4 /* Models.swift */; };
		4DF4A7A32E0F0C5600C269C4 /* SidebarMenuViewModel.swift in Sources */ = {isa = PBXBuildFile; fileRef = 4DF4A7A22E0F0C5600C269C4 /* SidebarMenuViewModel.swift */; };
		4DF4A7A52E0F15FE00C269C4 /* MainView.swift in Sources */ = {isa = PBXBuildFile; fileRef = 4DF4A7A42E0F15FE00C269C4 /* MainView.swift */; };
/* End PBXBuildFile section */

/* Begin PBXFileReference section */
		4D7187902E2D53270050799B /* categories.json */ = {isa = PBXFileReference; fileEncoding = 4; lastKnownFileType = text.json; path = categories.json; sourceTree = "<group>"; };
		4D7187922E2D56900050799B /* PremiumView.swift */ = {isa = PBXFileReference; lastKnownFileType = sourcecode.swift; path = PremiumView.swift; sourceTree = "<group>"; };
		4D7187942E2D63DA0050799B /* store.storekit */ = {isa = PBXFileReference; lastKnownFileType = text; path = store.storekit; sourceTree = "<group>"; };
		4DCD49582E100518009F4986 /* Constants.swift */ = {isa = PBXFileReference; lastKnownFileType = sourcecode.swift; path = Constants.swift; sourceTree = "<group>"; };
		4DCD495A2E10103C009F4986 /* CanvasView.swift */ = {isa = PBXFileReference; lastKnownFileType = sourcecode.swift; path = CanvasView.swift; sourceTree = "<group>"; };
		4DCD495C2E10105D009F4986 /* HomeView.swift */ = {isa = PBXFileReference; lastKnownFileType = sourcecode.swift; path = HomeView.swift; sourceTree = "<group>"; };
		4DCD495E2E1014F8009F4986 /* Components.swift */ = {isa = PBXFileReference; lastKnownFileType = sourcecode.swift; path = Components.swift; sourceTree = "<group>"; };
		4DED96872E1126FB00A68B86 /* SVGView.swift */ = {isa = PBXFileReference; lastKnownFileType = sourcecode.swift; path = SVGView.swift; sourceTree = "<group>"; };
		4DF4A7802E0EFF1C00C269C4 /* DesignForCalligraphy.app */ = {isa = PBXFileReference; explicitFileType = wrapper.application; includeInIndex = 0; path = DesignForCalligraphy.app; sourceTree = BUILT_PRODUCTS_DIR; };
		4DF4A7832E0EFF1C00C269C4 /* DesignForCalligraphyApp.swift */ = {isa = PBXFileReference; lastKnownFileType = sourcecode.swift; path = DesignForCalligraphyApp.swift; sourceTree = "<group>"; };
		4DF4A7852E0EFF1C00C269C4 /* ContentView.swift */ = {isa = PBXFileReference; lastKnownFileType = sourcecode.swift; path = ContentView.swift; sourceTree = "<group>"; };
		4DF4A7872E0EFF1E00C269C4 /* Assets.xcassets */ = {isa = PBXFileReference; lastKnownFileType = folder.assetcatalog; path = Assets.xcassets; sourceTree = "<group>"; };
		4DF4A78A2E0EFF1E00C269C4 /* Preview Assets.xcassets */ = {isa = PBXFileReference; lastKnownFileType = folder.assetcatalog; path = "Preview Assets.xcassets"; sourceTree = "<group>"; };
		4DF4A7912E0EFF1E00C269C4 /* DesignForCalligraphy.entitlements */ = {isa = PBXFileReference; lastKnownFileType = text.plist.entitlements; path = DesignForCalligraphy.entitlements; sourceTree = "<group>"; };
		4DF4A79A2E0F090700C269C4 /* Enums.swift */ = {isa = PBXFileReference; lastKnownFileType = sourcecode.swift; path = Enums.swift; sourceTree = "<group>"; };
		4DF4A79C2E0F091F00C269C4 /* Sidemenu.swift */ = {isa = PBXFileReference; lastKnownFileType = sourcecode.swift; path = Sidemenu.swift; sourceTree = "<group>"; };
		4DF4A79E2E0F09D600C269C4 /* SubSidemenu.swift */ = {isa = PBXFileReference; lastKnownFileType = sourcecode.swift; path = SubSidemenu.swift; sourceTree = "<group>"; };
		4DF4A7A02E0F0C3900C269C4 /* Models.swift */ = {isa = PBXFileReference; lastKnownFileType = sourcecode.swift; path = Models.swift; sourceTree = "<group>"; };
		4DF4A7A22E0F0C5600C269C4 /* SidebarMenuViewModel.swift */ = {isa = PBXFileReference; lastKnownFileType = sourcecode.swift; path = SidebarMenuViewModel.swift; sourceTree = "<group>"; };
		4DF4A7A42E0F15FE00C269C4 /* MainView.swift */ = {isa = PBXFileReference; lastKnownFileType = sourcecode.swift; path = MainView.swift; sourceTree = "<group>"; };
/* End PBXFileReference section */

/* Begin PBXFrameworksBuildPhase section */
		4DF4A77D2E0EFF1C00C269C4 /* Frameworks */ = {
			isa = PBXFrameworksBuildPhase;
			buildActionMask = 2147483647;
			files = (
				4DED96972E119A1C00A68B86 /* SVGKit in Frameworks */,
			);
			runOnlyForDeploymentPostprocessing = 0;
		};
/* End PBXFrameworksBuildPhase section */

/* Begin PBXGroup section */
		4DF4A7772E0EFF1C00C269C4 = {
			isa = PBXGroup;
			children = (
				4DF4A7822E0EFF1C00C269C4 /* DesignForCalligraphy */,
				4DF4A7812E0EFF1C00C269C4 /* Products */,
			);
			sourceTree = "<group>";
		};
		4DF4A7812E0EFF1C00C269C4 /* Products */ = {
			isa = PBXGroup;
			children = (
				4DF4A7802E0EFF1C00C269C4 /* DesignForCalligraphy.app */,
			);
			name = Products;
			sourceTree = "<group>";
		};
		4DF4A7822E0EFF1C00C269C4 /* DesignForCalligraphy */ = {
			isa = PBXGroup;
			children = (
				4DF4A7992E0F08F100C269C4 /* ViewModels */,
				4DF4A7982E0F08EB00C269C4 /* Models */,
				4DF4A7972E0F08E100C269C4 /* View */,
				4DF4A7832E0EFF1C00C269C4 /* DesignForCalligraphyApp.swift */,
				4DF4A7872E0EFF1E00C269C4 /* Assets.xcassets */,
				4DF4A7912E0EFF1E00C269C4 /* DesignForCalligraphy.entitlements */,
				4DF4A7892E0EFF1E00C269C4 /* Preview Content */,
				4D7187942E2D63DA0050799B /* store.storekit */,
			);
			path = DesignForCalligraphy;
			sourceTree = "<group>";
		};
		4DF4A7892E0EFF1E00C269C4 /* Preview Content */ = {
			isa = PBXGroup;
			children = (
				4DF4A78A2E0EFF1E00C269C4 /* Preview Assets.xcassets */,
			);
			path = "Preview Content";
			sourceTree = "<group>";
		};
		4DF4A7972E0F08E100C269C4 /* View */ = {
			isa = PBXGroup;
			children = (
				4DF4A7852E0EFF1C00C269C4 /* ContentView.swift */,
				4DF4A79C2E0F091F00C269C4 /* Sidemenu.swift */,
				4DF4A79E2E0F09D600C269C4 /* SubSidemenu.swift */,
				4DF4A7A42E0F15FE00C269C4 /* MainView.swift */,
				4DCD495A2E10103C009F4986 /* CanvasView.swift */,
				4DCD495C2E10105D009F4986 /* HomeView.swift */,
				4DED96872E1126FB00A68B86 /* SVGView.swift */,
				4D7187922E2D56900050799B /* PremiumView.swift */,
			);
			path = View;
			sourceTree = "<group>";
		};
		4DF4A7982E0F08EB00C269C4 /* Models */ = {
			isa = PBXGroup;
			children = (
				4DF4A79A2E0F090700C269C4 /* Enums.swift */,
				4DF4A7A02E0F0C3900C269C4 /* Models.swift */,
				4DCD49582E100518009F4986 /* Constants.swift */,
				4DCD495E2E1014F8009F4986 /* Components.swift */,
				4D7187902E2D53270050799B /* categories.json */,
			);
			path = Models;
			sourceTree = "<group>";
		};
		4DF4A7992E0F08F100C269C4 /* ViewModels */ = {
			isa = PBXGroup;
			children = (
				4DF4A7A22E0F0C5600C269C4 /* SidebarMenuViewModel.swift */,
			);
			path = ViewModels;
			sourceTree = "<group>";
		};
/* End PBXGroup section */

/* Begin PBXNativeTarget section */
		4DF4A77F2E0EFF1C00C269C4 /* DesignForCalligraphy */ = {
			isa = PBXNativeTarget;
			buildConfigurationList = 4DF4A7942E0EFF1E00C269C4 /* Build configuration list for PBXNativeTarget "DesignForCalligraphy" */;
			buildPhases = (
				4DF4A77C2E0EFF1C00C269C4 /* Sources */,
				4DF4A77D2E0EFF1C00C269C4 /* Frameworks */,
				4DF4A77E2E0EFF1C00C269C4 /* Resources */,
			);
			buildRules = (
			);
			dependencies = (
			);
			name = DesignForCalligraphy;
			packageProductDependencies = (
				4DED96962E119A1C00A68B86 /* SVGKit */,
			);
			productName = DesignForCalligraphy;
			productReference = 4DF4A7802E0EFF1C00C269C4 /* DesignForCalligraphy.app */;
			productType = "com.apple.product-type.application";
		};
/* End PBXNativeTarget section */

/* Begin PBXProject section */
		4DF4A7782E0EFF1C00C269C4 /* Project object */ = {
			isa = PBXProject;
			attributes = {
				BuildIndependentTargetsInParallel = 1;
				LastSwiftUpdateCheck = 1540;
				LastUpgradeCheck = 1540;
				TargetAttributes = {
					4DF4A77F2E0EFF1C00C269C4 = {
						CreatedOnToolsVersion = 15.4;
					};
				};
			};
			buildConfigurationList = 4DF4A77B2E0EFF1C00C269C4 /* Build configuration list for PBXProject "DesignForCalligraphy" */;
			compatibilityVersion = "Xcode 14.0";
			developmentRegion = en;
			hasScannedForEncodings = 0;
			knownRegions = (
				en,
				Base,
			);
			mainGroup = 4DF4A7772E0EFF1C00C269C4;
			packageReferences = (
				4DED96952E119A1C00A68B86 /* XCRemoteSwiftPackageReference "SVGKit" */,
			);
			productRefGroup = 4DF4A7812E0EFF1C00C269C4 /* Products */;
			projectDirPath = "";
			projectRoot = "";
			targets = (
				4DF4A77F2E0EFF1C00C269C4 /* DesignForCalligraphy */,
			);
		};
/* End PBXProject section */

/* Begin PBXResourcesBuildPhase section */
		4DF4A77E2E0EFF1C00C269C4 /* Resources */ = {
			isa = PBXResourcesBuildPhase;
			buildActionMask = 2147483647;
			files = (
				4DF4A78B2E0EFF1E00C269C4 /* Preview Assets.xcassets in Resources */,
				4D7187912E2D53270050799B /* categories.json in Resources */,
				4DF4A7882E0EFF1E00C269C4 /* Assets.xcassets in Resources */,
			);
			runOnlyForDeploymentPostprocessing = 0;
		};
/* End PBXResourcesBuildPhase section */

/* Begin PBXSourcesBuildPhase section */
		4DF4A77C2E0EFF1C00C269C4 /* Sources */ = {
			isa = PBXSourcesBuildPhase;
			buildActionMask = 2147483647;
			files = (
				4DF4A7A32E0F0C5600C269C4 /* SidebarMenuViewModel.swift in Sources */,
				4DCD495F2E1014F8009F4986 /* Components.swift in Sources */,
				4DF4A7A52E0F15FE00C269C4 /* MainView.swift in Sources */,
				4DCD495B2E10103C009F4986 /* CanvasView.swift in Sources */,
				4DF4A79F2E0F09D600C269C4 /* SubSidemenu.swift in Sources */,
				4DF4A7862E0EFF1C00C269C4 /* ContentView.swift in Sources */,
				4DCD495D2E10105D009F4986 /* HomeView.swift in Sources */,
				4DED96882E1126FB00A68B86 /* SVGView.swift in Sources */,
				4DF4A79B2E0F090700C269C4 /* Enums.swift in Sources */,
				4DF4A7A12E0F0C3900C269C4 /* Models.swift in Sources */,
				4DF4A7842E0EFF1C00C269C4 /* DesignForCalligraphyApp.swift in Sources */,
				4DF4A79D2E0F091F00C269C4 /* Sidemenu.swift in Sources */,
				4D7187932E2D56900050799B /* PremiumView.swift in Sources */,
				4DCD49592E100518009F4986 /* Constants.swift in Sources */,
			);
			runOnlyForDeploymentPostprocessing = 0;
		};
/* End PBXSourcesBuildPhase section */

/* Begin XCBuildConfiguration section */
		4DF4A7922E0EFF1E00C269C4 /* Debug */ = {
			isa = XCBuildConfiguration;
			buildSettings = {
				ALWAYS_SEARCH_USER_PATHS = NO;
				ASSETCATALOG_COMPILER_GENERATE_SWIFT_ASSET_SYMBOL_EXTENSIONS = YES;
				CLANG_ANALYZER_NONNULL = YES;
				CLANG_ANALYZER_NUMBER_OBJECT_CONVERSION = YES_AGGRESSIVE;
				CLANG_CXX_LANGUAGE_STANDARD = "gnu++20";
				CLANG_ENABLE_MODULES = YES;
				CLANG_ENABLE_OBJC_ARC = YES;
				CLANG_ENABLE_OBJC_WEAK = YES;
				CLANG_WARN_BLOCK_CAPTURE_AUTORELEASING = YES;
				CLANG_WARN_BOOL_CONVERSION = YES;
				CLANG_WARN_COMMA = YES;
				CLANG_WARN_CONSTANT_CONVERSION = YES;
				CLANG_WARN_DEPRECATED_OBJC_IMPLEMENTATIONS = YES;
				CLANG_WARN_DIRECT_OBJC_ISA_USAGE = YES_ERROR;
				CLANG_WARN_DOCUMENTATION_COMMENTS = YES;
				CLANG_WARN_EMPTY_BODY = YES;
				CLANG_WARN_ENUM_CONVERSION = YES;
				CLANG_WARN_INFINITE_RECURSION = YES;
				CLANG_WARN_INT_CONVERSION = YES;
				CLANG_WARN_NON_LITERAL_NULL_CONVERSION = YES;
				CLANG_WARN_OBJC_IMPLICIT_RETAIN_SELF = YES;
				CLANG_WARN_OBJC_LITERAL_CONVERSION = YES;
				CLANG_WARN_OBJC_ROOT_CLASS = YES_ERROR;
				CLANG_WARN_QUOTED_INCLUDE_IN_FRAMEWORK_HEADER = YES;
				CLANG_WARN_RANGE_LOOP_ANALYSIS = YES;
				CLANG_WARN_STRICT_PROTOTYPES = YES;
				CLANG_WARN_SUSPICIOUS_MOVE = YES;
				CLANG_WARN_UNGUARDED_AVAILABILITY = YES_AGGRESSIVE;
				CLANG_WARN_UNREACHABLE_CODE = YES;
				CLANG_WARN__DUPLICATE_METHOD_MATCH = YES;
				COPY_PHASE_STRIP = NO;
				DEBUG_INFORMATION_FORMAT = dwarf;
				ENABLE_STRICT_OBJC_MSGSEND = YES;
				ENABLE_TESTABILITY = YES;
				ENABLE_USER_SCRIPT_SANDBOXING = YES;
				GCC_C_LANGUAGE_STANDARD = gnu17;
				GCC_DYNAMIC_NO_PIC = NO;
				GCC_NO_COMMON_BLOCKS = YES;
				GCC_OPTIMIZATION_LEVEL = 0;
				GCC_PREPROCESSOR_DEFINITIONS = (
					"DEBUG=1",
					"$(inherited)",
				);
				GCC_WARN_64_TO_32_BIT_CONVERSION = YES;
				GCC_WARN_ABOUT_RETURN_TYPE = YES_ERROR;
				GCC_WARN_UNDECLARED_SELECTOR = YES;
				GCC_WARN_UNINITIALIZED_AUTOS = YES_AGGRESSIVE;
				GCC_WARN_UNUSED_FUNCTION = YES;
				GCC_WARN_UNUSED_VARIABLE = YES;
				LOCALIZATION_PREFERS_STRING_CATALOGS = YES;
				MACOSX_DEPLOYMENT_TARGET = 14.5;
				MTL_ENABLE_DEBUG_INFO = INCLUDE_SOURCE;
				MTL_FAST_MATH = YES;
				ONLY_ACTIVE_ARCH = YES;
				SDKROOT = macosx;
				SWIFT_ACTIVE_COMPILATION_CONDITIONS = "DEBUG $(inherited)";
				SWIFT_OPTIMIZATION_LEVEL = "-Onone";
			};
			name = Debug;
		};
		4DF4A7932E0EFF1E00C269C4 /* Release */ = {
			isa = XCBuildConfiguration;
			buildSettings = {
				ALWAYS_SEARCH_USER_PATHS = NO;
				ASSETCATALOG_COMPILER_GENERATE_SWIFT_ASSET_SYMBOL_EXTENSIONS = YES;
				CLANG_ANALYZER_NONNULL = YES;
				CLANG_ANALYZER_NUMBER_OBJECT_CONVERSION = YES_AGGRESSIVE;
				CLANG_CXX_LANGUAGE_STANDARD = "gnu++20";
				CLANG_ENABLE_MODULES = YES;
				CLANG_ENABLE_OBJC_ARC = YES;
				CLANG_ENABLE_OBJC_WEAK = YES;
				CLANG_WARN_BLOCK_CAPTURE_AUTORELEASING = YES;
				CLANG_WARN_BOOL_CONVERSION = YES;
				CLANG_WARN_COMMA = YES;
				CLANG_WARN_CONSTANT_CONVERSION = YES;
				CLANG_WARN_DEPRECATED_OBJC_IMPLEMENTATIONS = YES;
				CLANG_WARN_DIRECT_OBJC_ISA_USAGE = YES_ERROR;
				CLANG_WARN_DOCUMENTATION_COMMENTS = YES;
				CLANG_WARN_EMPTY_BODY = YES;
				CLANG_WARN_ENUM_CONVERSION = YES;
				CLANG_WARN_INFINITE_RECURSION = YES;
				CLANG_WARN_INT_CONVERSION = YES;
				CLANG_WARN_NON_LITERAL_NULL_CONVERSION = YES;
				CLANG_WARN_OBJC_IMPLICIT_RETAIN_SELF = YES;
				CLANG_WARN_OBJC_LITERAL_CONVERSION = YES;
				CLANG_WARN_OBJC_ROOT_CLASS = YES_ERROR;
				CLANG_WARN_QUOTED_INCLUDE_IN_FRAMEWORK_HEADER = YES;
				CLANG_WARN_RANGE_LOOP_ANALYSIS = YES;
				CLANG_WARN_STRICT_PROTOTYPES = YES;
				CLANG_WARN_SUSPICIOUS_MOVE = YES;
				CLANG_WARN_UNGUARDED_AVAILABILITY = YES_AGGRESSIVE;
				CLANG_WARN_UNREACHABLE_CODE = YES;
				CLANG_WARN__DUPLICATE_METHOD_MATCH = YES;
				COPY_PHASE_STRIP = NO;
				DEBUG_INFORMATION_FORMAT = "dwarf-with-dsym";
				ENABLE_NS_ASSERTIONS = NO;
				ENABLE_STRICT_OBJC_MSGSEND = YES;
				ENABLE_USER_SCRIPT_SANDBOXING = YES;
				GCC_C_LANGUAGE_STANDARD = gnu17;
				GCC_NO_COMMON_BLOCKS = YES;
				GCC_WARN_64_TO_32_BIT_CONVERSION = YES;
				GCC_WARN_ABOUT_RETURN_TYPE = YES_ERROR;
				GCC_WARN_UNDECLARED_SELECTOR = YES;
				GCC_WARN_UNINITIALIZED_AUTOS = YES_AGGRESSIVE;
				GCC_WARN_UNUSED_FUNCTION = YES;
				GCC_WARN_UNUSED_VARIABLE = YES;
				LOCALIZATION_PREFERS_STRING_CATALOGS = YES;
				MACOSX_DEPLOYMENT_TARGET = 14.5;
				MTL_ENABLE_DEBUG_INFO = NO;
				MTL_FAST_MATH = YES;
				SDKROOT = macosx;
				SWIFT_COMPILATION_MODE = wholemodule;
			};
			name = Release;
		};
		4DF4A7952E0EFF1E00C269C4 /* Debug */ = {
			isa = XCBuildConfiguration;
			buildSettings = {
				ASSETCATALOG_COMPILER_APPICON_NAME = AppIcon;
				ASSETCATALOG_COMPILER_GLOBAL_ACCENT_COLOR_NAME = AccentColor;
				CODE_SIGN_ENTITLEMENTS = DesignForCalligraphy/DesignForCalligraphy.entitlements;
				CODE_SIGN_STYLE = Automatic;
				COMBINE_HIDPI_IMAGES = YES;
				CURRENT_PROJECT_VERSION = 1;
				DEVELOPMENT_ASSET_PATHS = "\"DesignForCalligraphy/Preview Content\"";
				DEVELOPMENT_TEAM = 3PVLZ5R65F;
				ENABLE_PREVIEWS = YES;
				GENERATE_INFOPLIST_FILE = YES;
				INFOPLIST_KEY_NSHumanReadableCopyright = "";
				LD_RUNPATH_SEARCH_PATHS = (
					"$(inherited)",
					"@executable_path/../Frameworks",
				);
				MACOSX_DEPLOYMENT_TARGET = 12.0;
				MARKETING_VERSION = 1.0;
				PRODUCT_BUNDLE_IDENTIFIER = com.example.convertor.DesignForCalligraphy;
				PRODUCT_NAME = "$(TARGET_NAME)";
				SWIFT_EMIT_LOC_STRINGS = YES;
				SWIFT_VERSION = 5.0;
			};
			name = Debug;
		};
		4DF4A7962E0EFF1E00C269C4 /* Release */ = {
			isa = XCBuildConfiguration;
			buildSettings = {
				ASSETCATALOG_COMPILER_APPICON_NAME = AppIcon;
				ASSETCATALOG_COMPILER_GLOBAL_ACCENT_COLOR_NAME = AccentColor;
				CODE_SIGN_ENTITLEMENTS = DesignForCalligraphy/DesignForCalligraphy.entitlements;
				CODE_SIGN_STYLE = Automatic;
				COMBINE_HIDPI_IMAGES = YES;
				CURRENT_PROJECT_VERSION = 1;
				DEVELOPMENT_ASSET_PATHS = "\"DesignForCalligraphy/Preview Content\"";
				DEVELOPMENT_TEAM = 3PVLZ5R65F;
				ENABLE_PREVIEWS = YES;
				GENERATE_INFOPLIST_FILE = YES;
				INFOPLIST_KEY_NSHumanReadableCopyright = "";
				LD_RUNPATH_SEARCH_PATHS = (
					"$(inherited)",
					"@executable_path/../Frameworks",
				);
				MACOSX_DEPLOYMENT_TARGET = 12.0;
				MARKETING_VERSION = 1.0;
				PRODUCT_BUNDLE_IDENTIFIER = com.example.convertor.DesignForCalligraphy;
				PRODUCT_NAME = "$(TARGET_NAME)";
				SWIFT_EMIT_LOC_STRINGS = YES;
				SWIFT_VERSION = 5.0;
			};
			name = Release;
		};
/* End XCBuildConfiguration section */

/* Begin XCConfigurationList section */
		4DF4A77B2E0EFF1C00C269C4 /* Build configuration list for PBXProject "DesignForCalligraphy" */ = {
			isa = XCConfigurationList;
			buildConfigurations = (
				4DF4A7922E0EFF1E00C269C4 /* Debug */,
				4DF4A7932E0EFF1E00C269C4 /* Release */,
			);
			defaultConfigurationIsVisible = 0;
			defaultConfigurationName = Release;
		};
		4DF4A7942E0EFF1E00C269C4 /* Build configuration list for PBXNativeTarget "DesignForCalligraphy" */ = {
			isa = XCConfigurationList;
			buildConfigurations = (
				4DF4A7952E0EFF1E00C269C4 /* Debug */,
				4DF4A7962E0EFF1E00C269C4 /* Release */,
			);
			defaultConfigurationIsVisible = 0;
			defaultConfigurationName = Release;
		};
/* End XCConfigurationList section */

/* Begin XCRemoteSwiftPackageReference section */
		4DED96952E119A1C00A68B86 /* XCRemoteSwiftPackageReference "SVGKit" */ = {
			isa = XCRemoteSwiftPackageReference;
			repositoryURL = "https://github.com/SVGKit/SVGKit.git";
			requirement = {
				kind = upToNextMajorVersion;
				minimumVersion = 3.0.0;
			};
		};
/* End XCRemoteSwiftPackageReference section */

/* Begin XCSwiftPackageProductDependency section */
		4DED96962E119A1C00A68B86 /* SVGKit */ = {
			isa = XCSwiftPackageProductDependency;
			package = 4DED96952E119A1C00A68B86 /* XCRemoteSwiftPackageReference "SVGKit" */;
			productName = SVGKit;
		};
/* End XCSwiftPackageProductDependency section */
	};
	rootObject = 4DF4A7782E0EFF1C00C269C4 /* Project object */;
}
